
Microsoft Visual Studio Solution File, Format Version 12.00
# Visual Studio Version 17
VisualStudioVersion = 17.8.34316.72
MinimumVisualStudioVersion = 10.0.40219.1
Project("{FAE04EC0-301F-11D3-BF4B-00C04F79EFBC}") = "CodingWiki_web", "CodingWiki_web\CodingWiki_web.csproj", "{11CD1861-34B9-4015-9048-1ADC16C5BBF3}"
EndProject
Project("{FAE04EC0-301F-11D3-BF4B-00C04F79EFBC}") = "CodingWiki_DataAccess", "CodingWiki_DataAccess\CodingWiki_DataAccess.csproj", "{21048AB5-C50E-482B-8CA4-629AFEE23B9C}"
EndProject
Project("{FAE04EC0-301F-11D3-BF4B-00C04F79EFBC}") = "CodingWiki_Model", "CodingWiki_Model\CodingWiki_Model.csproj", "{D937A6C7-779B-4623-9B21-77B47A659510}"
EndProject
Project("{FAE04EC0-301F-11D3-BF4B-00C04F79EFBC}") = "CodingWiki_Console", "CodingWiki_Console\CodingWiki_Console.csproj", "{6FDA1EBD-28CC-4D40-9B44-24E02F11850B}"
EndProject
Global
	GlobalSection(SolutionConfigurationPlatforms) = preSolution
		Debug|Any CPU = Debug|Any CPU
		Release|Any CPU = Release|Any CPU
	EndGlobalSection
	GlobalSection(ProjectConfigurationPlatforms) = postSolution
		{11CD1861-34B9-4015-9048-1ADC16C5BBF3}.Debug|Any CPU.ActiveCfg = Debug|Any CPU
		{11CD1861-34B9-4015-9048-1ADC16C5BBF3}.Debug|Any CPU.Build.0 = Debug|Any CPU
		{11CD1861-34B9-4015-9048-1ADC16C5BBF3}.Release|Any CPU.ActiveCfg = Release|Any CPU
		{11CD1861-34B9-4015-9048-1ADC16C5BBF3}.Release|Any CPU.Build.0 = Release|Any CPU
		{21048AB5-C50E-482B-8CA4-629AFEE23B9C}.Debug|Any CPU.ActiveCfg = Debug|Any CPU
		{21048AB5-C50E-482B-8CA4-629AFEE23B9C}.Debug|Any CPU.Build.0 = Debug|Any CPU
		{21048AB5-C50E-482B-8CA4-629AFEE23B9C}.Release|Any CPU.ActiveCfg = Release|Any CPU
		{21048AB5-C50E-482B-8CA4-629AFEE23B9C}.Release|Any CPU.Build.0 = Release|Any CPU
		{D937A6C7-779B-4623-9B21-77B47A659510}.Debug|Any CPU.ActiveCfg = Debug|Any CPU
		{D937A6C7-779B-4623-9B21-77B47A659510}.Debug|Any CPU.Build.0 = Debug|Any CPU
		{D937A6C7-779B-4623-9B21-77B47A659510}.Release|Any CPU.ActiveCfg = Release|Any CPU
		{D937A6C7-779B-4623-9B21-77B47A659510}.Release|Any CPU.Build.0 = Release|Any CPU
		{6FDA1EBD-28CC-4D40-9B44-24E02F11850B}.Debug|Any CPU.ActiveCfg = Debug|Any CPU
		{6FDA1EBD-28CC-4D40-9B44-24E02F11850B}.Debug|Any CPU.Build.0 = Debug|Any CPU
		{6FDA1EBD-28CC-4D40-9B44-24E02F11850B}.Release|Any CPU.ActiveCfg = Release|Any CPU
		{6FDA1EBD-28CC-4D40-9B44-24E02F11850B}.Release|Any CPU.Build.0 = Release|Any CPU
	EndGlobalSection
	GlobalSection(SolutionProperties) = preSolution
		HideSolutionNode = FALSE
	EndGlobalSection
	GlobalSection(ExtensibilityGlobals) = postSolution
		SolutionGuid = {27FEB663-B4B7-4A6B-8985-A733D814C449}
	EndGlobalSection
EndGlobal
