
Microsoft Visual Studio Solution File, Format Version 12.00
# Visual Studio Version 17
VisualStudioVersion = 17.8.34316.72
MinimumVisualStudioVersion = 10.0.40219.1
Project("{FAE04EC0-301F-11D3-BF4B-00C04F79EFBC}") = "CodingWiki_web", "CodingWiki_web\CodingWiki_web.csproj", "{11CD1861-34B9-4015-9048-1ADC16C5BBF3}"
EndProject
Global
	GlobalSection(SolutionConfigurationPlatforms) = preSolution
		Debug|Any CPU = Debug|Any CPU
		Release|Any CPU = Release|Any CPU
	EndGlobalSection
	GlobalSection(ProjectConfigurationPlatforms) = postSolution
		{11CD1861-34B9-4015-9048-1ADC16C5BBF3}.Debug|Any CPU.ActiveCfg = Debug|Any CPU
		{11CD1861-34B9-4015-9048-1ADC16C5BBF3}.Debug|Any CPU.Build.0 = Debug|Any CPU
		{11CD1861-34B9-4015-9048-1ADC16C5BBF3}.Release|Any CPU.ActiveCfg = Release|Any CPU
		{11CD1861-34B9-4015-9048-1ADC16C5BBF3}.Release|Any CPU.Build.0 = Release|Any CPU
	EndGlobalSection
	GlobalSection(SolutionProperties) = preSolution
		HideSolutionNode = FALSE
	EndGlobalSection
	GlobalSection(ExtensibilityGlobals) = postSolution
		SolutionGuid = {27FEB663-B4B7-4A6B-8985-A733D814C449}
	EndGlobalSection
EndGlobal
